// !$*UTF8*$!
{
	archiveVersion = 1;
	classes = {
	};
	objectVersion = 56;
	objects = {

/* Begin PBXBuildFile section */
		185C0EB02BD3C493003F0274 /* AppDelegate.swift in Sources */ = {isa = PBXBuildFile; fileRef = 185C0EAF2BD3C493003F0274 /* AppDelegate.swift */; };
		185C0EB22BD3C493003F0274 /* SceneDelegate.swift in Sources */ = {isa = PBXBuildFile; fileRef = 185C0EB12BD3C493003F0274 /* SceneDelegate.swift */; };
		185C0EB42BD3C493003F0274 /* ViewController.swift in Sources */ = {isa = PBXBuildFile; fileRef = 185C0EB32BD3C493003F0274 /* ViewController.swift */; };
		185C0EB72BD3C493003F0274 /* Base in Resources */ = {isa = PBXBuildFile; fileRef = 185C0EB62BD3C493003F0274 /* Base */; };
		185C0EB92BD3C495003F0274 /* Assets.xcassets in Resources */ = {isa = PBXBuildFile; fileRef = 185C0EB82BD3C495003F0274 /* Assets.xcassets */; };
		185C0EBC2BD3C495003F0274 /* Base in Resources */ = {isa = PBXBuildFile; fileRef = 185C0EBB2BD3C495003F0274 /* Base */; };
		185C0EC42BD3C5E6003F0274 /* ApplicationData.swift in Sources */ = {isa = PBXBuildFile; fileRef = 185C0EC32BD3C5E6003F0274 /* ApplicationData.swift */; };
		185C0EC62BD54544003F0274 /* FoodCell.swift in Sources */ = {isa = PBXBuildFile; fileRef = 185C0EC52BD54544003F0274 /* FoodCell.swift */; };
		185C0EC82BD54F96003F0274 /* FruitCell.swift in Sources */ = {isa = PBXBuildFile; fileRef = 185C0EC72BD54F96003F0274 /* FruitCell.swift */; };
		185C0ECA2BD571EB003F0274 /* CustomConfig.swift in Sources */ = {isa = PBXBuildFile; fileRef = 185C0EC92BD571EB003F0274 /* CustomConfig.swift */; };
		185C0ECC2BD571FC003F0274 /* CustomCellContentView.swift in Sources */ = {isa = PBXBuildFile; fileRef = 185C0ECB2BD571FC003F0274 /* CustomCellContentView.swift */; };
		185C0ECE2BD57BAA003F0274 /* CustomContentViewCell.swift in Sources */ = {isa = PBXBuildFile; fileRef = 185C0ECD2BD57BAA003F0274 /* CustomContentViewCell.swift */; };
/* End PBXBuildFile section */

/* Begin PBXFileReference section */
		185C0EAC2BD3C493003F0274 /* TableView.app */ = {isa = PBXFileReference; explicitFileType = wrapper.application; includeInIndex = 0; path = TableView.app; sourceTree = BUILT_PRODUCTS_DIR; };
		185C0EAF2BD3C493003F0274 /* AppDelegate.swift */ = {isa = PBXFileReference; lastKnownFileType = sourcecode.swift; path = AppDelegate.swift; sourceTree = "<group>"; };
		185C0EB12BD3C493003F0274 /* SceneDelegate.swift */ = {isa = PBXFileReference; lastKnownFileType = sourcecode.swift; path = SceneDelegate.swift; sourceTree = "<group>"; };
		185C0EB32BD3C493003F0274 /* ViewController.swift */ = {isa = PBXFileReference; lastKnownFileType = sourcecode.swift; path = ViewController.swift; sourceTree = "<group>"; };
		185C0EB62BD3C493003F0274 /* Base */ = {isa = PBXFileReference; lastKnownFileType = file.storyboard; name = Base; path = Base.lproj/Main.storyboard; sourceTree = "<group>"; };
		185C0EB82BD3C495003F0274 /* Assets.xcassets */ = {isa = PBXFileReference; lastKnownFileType = folder.assetcatalog; path = Assets.xcassets; sourceTree = "<group>"; };
		185C0EBB2BD3C495003F0274 /* Base */ = {isa = PBXFileReference; lastKnownFileType = file.storyboard; name = Base; path = Base.lproj/LaunchScreen.storyboard; sourceTree = "<group>"; };
		185C0EBD2BD3C495003F0274 /* Info.plist */ = {isa = PBXFileReference; lastKnownFileType = text.plist.xml; path = Info.plist; sourceTree = "<group>"; };
		185C0EC32BD3C5E6003F0274 /* ApplicationData.swift */ = {isa = PBXFileReference; lastKnownFileType = sourcecode.swift; path = ApplicationData.swift; sourceTree = "<group>"; };
		185C0EC52BD54544003F0274 /* FoodCell.swift */ = {isa = PBXFileReference; lastKnownFileType = sourcecode.swift; path = FoodCell.swift; sourceTree = "<group>"; };
		185C0EC72BD54F96003F0274 /* FruitCell.swift */ = {isa = PBXFileReference; lastKnownFileType = sourcecode.swift; path = FruitCell.swift; sourceTree = "<group>"; };
		185C0EC92BD571EB003F0274 /* CustomConfig.swift */ = {isa = PBXFileReference; lastKnownFileType = sourcecode.swift; path = CustomConfig.swift; sourceTree = "<group>"; };
		185C0ECB2BD571FC003F0274 /* CustomCellContentView.swift */ = {isa = PBXFileReference; lastKnownFileType = sourcecode.swift; path = CustomCellContentView.swift; sourceTree = "<group>"; };
		185C0ECD2BD57BAA003F0274 /* CustomContentViewCell.swift */ = {isa = PBXFileReference; lastKnownFileType = sourcecode.swift; path = CustomContentViewCell.swift; sourceTree = "<group>"; };
/* End PBXFileReference section */

/* Begin PBXFrameworksBuildPhase section */
		185C0EA92BD3C493003F0274 /* Frameworks */ = {
			isa = PBXFrameworksBuildPhase;
			buildActionMask = 2147483647;
			files = (
			);
			runOnlyForDeploymentPostprocessing = 0;
		};
/* End PBXFrameworksBuildPhase section */

/* Begin PBXGroup section */
		185C0EA32BD3C493003F0274 = {
			isa = PBXGroup;
			children = (
				185C0EAE2BD3C493003F0274 /* TableView */,
				185C0EAD2BD3C493003F0274 /* Products */,
			);
			sourceTree = "<group>";
		};
		185C0EAD2BD3C493003F0274 /* Products */ = {
			isa = PBXGroup;
			children = (
				185C0EAC2BD3C493003F0274 /* TableView.app */,
			);
			name = Products;
			sourceTree = "<group>";
		};
		185C0EAE2BD3C493003F0274 /* TableView */ = {
			isa = PBXGroup;
			children = (
				185C0EAF2BD3C493003F0274 /* AppDelegate.swift */,
				185C0EB12BD3C493003F0274 /* SceneDelegate.swift */,
				185C0EB32BD3C493003F0274 /* ViewController.swift */,
				185C0EC72BD54F96003F0274 /* FruitCell.swift */,
				185C0ECD2BD57BAA003F0274 /* CustomContentViewCell.swift */,
				185C0EC92BD571EB003F0274 /* CustomConfig.swift */,
				185C0ECB2BD571FC003F0274 /* CustomCellContentView.swift */,
				185C0EC52BD54544003F0274 /* FoodCell.swift */,
				185C0EC32BD3C5E6003F0274 /* ApplicationData.swift */,
				185C0EB52BD3C493003F0274 /* Main.storyboard */,
				185C0EB82BD3C495003F0274 /* Assets.xcassets */,
				185C0EBA2BD3C495003F0274 /* LaunchScreen.storyboard */,
				185C0EBD2BD3C495003F0274 /* Info.plist */,
			);
			path = TableView;
			sourceTree = "<group>";
		};
/* End PBXGroup section */

/* Begin PBXNativeTarget section */
		185C0EAB2BD3C493003F0274 /* TableView */ = {
			isa = PBXNativeTarget;
			buildConfigurationList = 185C0EC02BD3C495003F0274 /* Build configuration list for PBXNativeTarget "TableView" */;
			buildPhases = (
				185C0EA82BD3C493003F0274 /* Sources */,
				185C0EA92BD3C493003F0274 /* Frameworks */,
				185C0EAA2BD3C493003F0274 /* Resources */,
			);
			buildRules = (
			);
			dependencies = (
			);
			name = TableView;
			productName = TableView;
			productReference = 185C0EAC2BD3C493003F0274 /* TableView.app */;
			productType = "com.apple.product-type.application";
		};
/* End PBXNativeTarget section */

/* Begin PBXProject section */
		185C0EA42BD3C493003F0274 /* Project object */ = {
			isa = PBXProject;
			attributes = {
				BuildIndependentTargetsInParallel = 1;
				LastSwiftUpdateCheck = 1530;
				LastUpgradeCheck = 1530;
				TargetAttributes = {
					185C0EAB2BD3C493003F0274 = {
						CreatedOnToolsVersion = 15.3;
					};
				};
			};
			buildConfigurationList = 185C0EA72BD3C493003F0274 /* Build configuration list for PBXProject "TableView" */;
			compatibilityVersion = "Xcode 14.0";
			developmentRegion = en;
			hasScannedForEncodings = 0;
			knownRegions = (
				en,
				Base,
			);
			mainGroup = 185C0EA32BD3C493003F0274;
			productRefGroup = 185C0EAD2BD3C493003F0274 /* Products */;
			projectDirPath = "";
			projectRoot = "";
			targets = (
				185C0EAB2BD3C493003F0274 /* TableView */,
			);
		};
/* End PBXProject section */

/* Begin PBXResourcesBuildPhase section */
		185C0EAA2BD3C493003F0274 /* Resources */ = {
			isa = PBXResourcesBuildPhase;
			buildActionMask = 2147483647;
			files = (
				185C0EB92BD3C495003F0274 /* Assets.xcassets in Resources */,
				185C0EBC2BD3C495003F0274 /* Base in Resources */,
				185C0EB72BD3C493003F0274 /* Base in Resources */,
			);
			runOnlyForDeploymentPostprocessing = 0;
		};
/* End PBXResourcesBuildPhase section */

/* Begin PBXSourcesBuildPhase section */
		185C0EA82BD3C493003F0274 /* Sources */ = {
			isa = PBXSourcesBuildPhase;
			buildActionMask = 2147483647;
			files = (
				185C0ECE2BD57BAA003F0274 /* CustomContentViewCell.swift in Sources */,
				185C0ECA2BD571EB003F0274 /* CustomConfig.swift in Sources */,
				185C0EB42BD3C493003F0274 /* ViewController.swift in Sources */,
				185C0EB02BD3C493003F0274 /* AppDelegate.swift in Sources */,
				185C0EC62BD54544003F0274 /* FoodCell.swift in Sources */,
				185C0EC42BD3C5E6003F0274 /* ApplicationData.swift in Sources */,
				185C0EC82BD54F96003F0274 /* FruitCell.swift in Sources */,
				185C0EB22BD3C493003F0274 /* SceneDelegate.swift in Sources */,
				185C0ECC2BD571FC003F0274 /* CustomCellContentView.swift in Sources */,
			);
			runOnlyForDeploymentPostprocessing = 0;
		};
/* End PBXSourcesBuildPhase section */

/* Begin PBXVariantGroup section */
		185C0EB52BD3C493003F0274 /* Main.storyboard */ = {
			isa = PBXVariantGroup;
			children = (
				185C0EB62BD3C493003F0274 /* Base */,
			);
			name = Main.storyboard;
			sourceTree = "<group>";
		};
		185C0EBA2BD3C495003F0274 /* LaunchScreen.storyboard */ = {
			isa = PBXVariantGroup;
			children = (
				185C0EBB2BD3C495003F0274 /* Base */,
			);
			name = LaunchScreen.storyboard;
			sourceTree = "<group>";
		};
/* End PBXVariantGroup section */

/* Begin XCBuildConfiguration section */
		185C0EBE2BD3C495003F0274 /* Debug */ = {
			isa = XCBuildConfiguration;
			buildSettings = {
				ALWAYS_SEARCH_USER_PATHS = NO;
				ASSETCATALOG_COMPILER_GENERATE_SWIFT_ASSET_SYMBOL_EXTENSIONS = YES;
				CLANG_ANALYZER_NONNULL = YES;
				CLANG_ANALYZER_NUMBER_OBJECT_CONVERSION = YES_AGGRESSIVE;
				CLANG_CXX_LANGUAGE_STANDARD = "gnu++20";
				CLANG_ENABLE_MODULES = YES;
				CLANG_ENABLE_OBJC_ARC = YES;
				CLANG_ENABLE_OBJC_WEAK = YES;
				CLANG_WARN_BLOCK_CAPTURE_AUTORELEASING = YES;
				CLANG_WARN_BOOL_CONVERSION = YES;
				CLANG_WARN_COMMA = YES;
				CLANG_WARN_CONSTANT_CONVERSION = YES;
				CLANG_WARN_DEPRECATED_OBJC_IMPLEMENTATIONS = YES;
				CLANG_WARN_DIRECT_OBJC_ISA_USAGE = YES_ERROR;
				CLANG_WARN_DOCUMENTATION_COMMENTS = YES;
				CLANG_WARN_EMPTY_BODY = YES;
				CLANG_WARN_ENUM_CONVERSION = YES;
				CLANG_WARN_INFINITE_RECURSION = YES;
				CLANG_WARN_INT_CONVERSION = YES;
				CLANG_WARN_NON_LITERAL_NULL_CONVERSION = YES;
				CLANG_WARN_OBJC_IMPLICIT_RETAIN_SELF = YES;
				CLANG_WARN_OBJC_LITERAL_CONVERSION = YES;
				CLANG_WARN_OBJC_ROOT_CLASS = YES_ERROR;
				CLANG_WARN_QUOTED_INCLUDE_IN_FRAMEWORK_HEADER = YES;
				CLANG_WARN_RANGE_LOOP_ANALYSIS = YES;
				CLANG_WARN_STRICT_PROTOTYPES = YES;
				CLANG_WARN_SUSPICIOUS_MOVE = YES;
				CLANG_WARN_UNGUARDED_AVAILABILITY = YES_AGGRESSIVE;
				CLANG_WARN_UNREACHABLE_CODE = YES;
				CLANG_WARN__DUPLICATE_METHOD_MATCH = YES;
				COPY_PHASE_STRIP = NO;
				DEBUG_INFORMATION_FORMAT = dwarf;
				ENABLE_STRICT_OBJC_MSGSEND = YES;
				ENABLE_TESTABILITY = YES;
				ENABLE_USER_SCRIPT_SANDBOXING = YES;
				GCC_C_LANGUAGE_STANDARD = gnu17;
				GCC_DYNAMIC_NO_PIC = NO;
				GCC_NO_COMMON_BLOCKS = YES;
				GCC_OPTIMIZATION_LEVEL = 0;
				GCC_PREPROCESSOR_DEFINITIONS = (
					"DEBUG=1",
					"$(inherited)",
				);
				GCC_WARN_64_TO_32_BIT_CONVERSION = YES;
				GCC_WARN_ABOUT_RETURN_TYPE = YES_ERROR;
				GCC_WARN_UNDECLARED_SELECTOR = YES;
				GCC_WARN_UNINITIALIZED_AUTOS = YES_AGGRESSIVE;
				GCC_WARN_UNUSED_FUNCTION = YES;
				GCC_WARN_UNUSED_VARIABLE = YES;
				IPHONEOS_DEPLOYMENT_TARGET = 17.4;
				LOCALIZATION_PREFERS_STRING_CATALOGS = YES;
				MTL_ENABLE_DEBUG_INFO = INCLUDE_SOURCE;
				MTL_FAST_MATH = YES;
				ONLY_ACTIVE_ARCH = YES;
				SDKROOT = iphoneos;
				SWIFT_ACTIVE_COMPILATION_CONDITIONS = "DEBUG $(inherited)";
				SWIFT_OPTIMIZATION_LEVEL = "-Onone";
			};
			name = Debug;
		};
		185C0EBF2BD3C495003F0274 /* Release */ = {
			isa = XCBuildConfiguration;
			buildSettings = {
				ALWAYS_SEARCH_USER_PATHS = NO;
				ASSETCATALOG_COMPILER_GENERATE_SWIFT_ASSET_SYMBOL_EXTENSIONS = YES;
				CLANG_ANALYZER_NONNULL = YES;
				CLANG_ANALYZER_NUMBER_OBJECT_CONVERSION = YES_AGGRESSIVE;
				CLANG_CXX_LANGUAGE_STANDARD = "gnu++20";
				CLANG_ENABLE_MODULES = YES;
				CLANG_ENABLE_OBJC_ARC = YES;
				CLANG_ENABLE_OBJC_WEAK = YES;
				CLANG_WARN_BLOCK_CAPTURE_AUTORELEASING = YES;
				CLANG_WARN_BOOL_CONVERSION = YES;
				CLANG_WARN_COMMA = YES;
				CLANG_WARN_CONSTANT_CONVERSION = YES;
				CLANG_WARN_DEPRECATED_OBJC_IMPLEMENTATIONS = YES;
				CLANG_WARN_DIRECT_OBJC_ISA_USAGE = YES_ERROR;
				CLANG_WARN_DOCUMENTATION_COMMENTS = YES;
				CLANG_WARN_EMPTY_BODY = YES;
				CLANG_WARN_ENUM_CONVERSION = YES;
				CLANG_WARN_INFINITE_RECURSION = YES;
				CLANG_WARN_INT_CONVERSION = YES;
				CLANG_WARN_NON_LITERAL_NULL_CONVERSION = YES;
				CLANG_WARN_OBJC_IMPLICIT_RETAIN_SELF = YES;
				CLANG_WARN_OBJC_LITERAL_CONVERSION = YES;
				CLANG_WARN_OBJC_ROOT_CLASS = YES_ERROR;
				CLANG_WARN_QUOTED_INCLUDE_IN_FRAMEWORK_HEADER = YES;
				CLANG_WARN_RANGE_LOOP_ANALYSIS = YES;
				CLANG_WARN_STRICT_PROTOTYPES = YES;
				CLANG_WARN_SUSPICIOUS_MOVE = YES;
				CLANG_WARN_UNGUARDED_AVAILABILITY = YES_AGGRESSIVE;
				CLANG_WARN_UNREACHABLE_CODE = YES;
				CLANG_WARN__DUPLICATE_METHOD_MATCH = YES;
				COPY_PHASE_STRIP = NO;
				DEBUG_INFORMATION_FORMAT = "dwarf-with-dsym";
				ENABLE_NS_ASSERTIONS = NO;
				ENABLE_STRICT_OBJC_MSGSEND = YES;
				ENABLE_USER_SCRIPT_SANDBOXING = YES;
				GCC_C_LANGUAGE_STANDARD = gnu17;
				GCC_NO_COMMON_BLOCKS = YES;
				GCC_WARN_64_TO_32_BIT_CONVERSION = YES;
				GCC_WARN_ABOUT_RETURN_TYPE = YES_ERROR;
				GCC_WARN_UNDECLARED_SELECTOR = YES;
				GCC_WARN_UNINITIALIZED_AUTOS = YES_AGGRESSIVE;
				GCC_WARN_UNUSED_FUNCTION = YES;
				GCC_WARN_UNUSED_VARIABLE = YES;
				IPHONEOS_DEPLOYMENT_TARGET = 17.4;
				LOCALIZATION_PREFERS_STRING_CATALOGS = YES;
				MTL_ENABLE_DEBUG_INFO = NO;
				MTL_FAST_MATH = YES;
				SDKROOT = iphoneos;
				SWIFT_COMPILATION_MODE = wholemodule;
				VALIDATE_PRODUCT = YES;
			};
			name = Release;
		};
		185C0EC12BD3C495003F0274 /* Debug */ = {
			isa = XCBuildConfiguration;
			buildSettings = {
				ASSETCATALOG_COMPILER_APPICON_NAME = AppIcon;
				ASSETCATALOG_COMPILER_GLOBAL_ACCENT_COLOR_NAME = AccentColor;
				CODE_SIGN_STYLE = Automatic;
				CURRENT_PROJECT_VERSION = 1;
				DEVELOPMENT_TEAM = 8Z922647CC;
				GENERATE_INFOPLIST_FILE = YES;
				INFOPLIST_FILE = TableView/Info.plist;
				INFOPLIST_KEY_UIApplicationSupportsIndirectInputEvents = YES;
				INFOPLIST_KEY_UILaunchStoryboardName = LaunchScreen;
				INFOPLIST_KEY_UIMainStoryboardFile = Main;
				INFOPLIST_KEY_UISupportedInterfaceOrientations_iPad = "UIInterfaceOrientationPortrait UIInterfaceOrientationPortraitUpsideDown UIInterfaceOrientationLandscapeLeft UIInterfaceOrientationLandscapeRight";
				INFOPLIST_KEY_UISupportedInterfaceOrientations_iPhone = "UIInterfaceOrientationPortrait UIInterfaceOrientationLandscapeLeft UIInterfaceOrientationLandscapeRight";
				LD_RUNPATH_SEARCH_PATHS = (
					"$(inherited)",
					"@executable_path/Frameworks",
				);
				MARKETING_VERSION = 1.0;
				PRODUCT_BUNDLE_IDENTIFIER = com.sumanthacademy.TableView;
				PRODUCT_NAME = "$(TARGET_NAME)";
				SWIFT_EMIT_LOC_STRINGS = YES;
				SWIFT_VERSION = 5.0;
				TARGETED_DEVICE_FAMILY = "1,2";
			};
			name = Debug;
		};
		185C0EC22BD3C495003F0274 /* Release */ = {
			isa = XCBuildConfiguration;
			buildSettings = {
				ASSETCATALOG_COMPILER_APPICON_NAME = AppIcon;
				ASSETCATALOG_COMPILER_GLOBAL_ACCENT_COLOR_NAME = AccentColor;
				CODE_SIGN_STYLE = Automatic;
				CURRENT_PROJECT_VERSION = 1;
				DEVELOPMENT_TEAM = 8Z922647CC;
				GENERATE_INFOPLIST_FILE = YES;
				INFOPLIST_FILE = TableView/Info.plist;
				INFOPLIST_KEY_UIApplicationSupportsIndirectInputEvents = YES;
				INFOPLIST_KEY_UILaunchStoryboardName = LaunchScreen;
				INFOPLIST_KEY_UIMainStoryboardFile = Main;
				INFOPLIST_KEY_UISupportedInterfaceOrientations_iPad = "UIInterfaceOrientationPortrait UIInterfaceOrientationPortraitUpsideDown UIInterfaceOrientationLandscapeLeft UIInterfaceOrientationLandscapeRight";
				INFOPLIST_KEY_UISupportedInterfaceOrientations_iPhone = "UIInterfaceOrientationPortrait UIInterfaceOrientationLandscapeLeft UIInterfaceOrientationLandscapeRight";
				LD_RUNPATH_SEARCH_PATHS = (
					"$(inherited)",
					"@executable_path/Frameworks",
				);
				MARKETING_VERSION = 1.0;
				PRODUCT_BUNDLE_IDENTIFIER = com.sumanthacademy.TableView;
				PRODUCT_NAME = "$(TARGET_NAME)";
				SWIFT_EMIT_LOC_STRINGS = YES;
				SWIFT_VERSION = 5.0;
				TARGETED_DEVICE_FAMILY = "1,2";
			};
			name = Release;
		};
/* End XCBuildConfiguration section */

/* Begin XCConfigurationList section */
		185C0EA72BD3C493003F0274 /* Build configuration list for PBXProject "TableView" */ = {
			isa = XCConfigurationList;
			buildConfigurations = (
				185C0EBE2BD3C495003F0274 /* Debug */,
				185C0EBF2BD3C495003F0274 /* Release */,
			);
			defaultConfigurationIsVisible = 0;
			defaultConfigurationName = Release;
		};
		185C0EC02BD3C495003F0274 /* Build configuration list for PBXNativeTarget "TableView" */ = {
			isa = XCConfigurationList;
			buildConfigurations = (
				185C0EC12BD3C495003F0274 /* Debug */,
				185C0EC22BD3C495003F0274 /* Release */,
			);
			defaultConfigurationIsVisible = 0;
			defaultConfigurationName = Release;
		};
/* End XCConfigurationList section */
	};
	rootObject = 185C0EA42BD3C493003F0274 /* Project object */;
}
